
Microsoft Visual Studio Solution File, Format Version 12.00
# Visual Studio Version 17
VisualStudioVersion = 17.10.34607.79
MinimumVisualStudioVersion = 10.0.40219.1
Project("{FAE04EC0-301F-11D3-BF4B-00C04F79EFBC}") = "kasir caffe", "kasir caffe\kasir caffe.csproj", "{7F47742A-1300-4FC5-AF2D-42AFC82B9003}"
EndProject
Global
	GlobalSection(SolutionConfigurationPlatforms) = preSolution
		Debug|Any CPU = Debug|Any CPU
		Release|Any CPU = Release|Any CPU
	EndGlobalSection
	GlobalSection(ProjectConfigurationPlatforms) = postSolution
		{7F47742A-1300-4FC5-AF2D-42AFC82B9003}.Debug|Any CPU.ActiveCfg = Debug|Any CPU
		{7F47742A-1300-4FC5-AF2D-42AFC82B9003}.Debug|Any CPU.Build.0 = Debug|Any CPU
		{7F47742A-1300-4FC5-AF2D-42AFC82B9003}.Release|Any CPU.ActiveCfg = Release|Any CPU
		{7F47742A-1300-4FC5-AF2D-42AFC82B9003}.Release|Any CPU.Build.0 = Release|Any CPU
	EndGlobalSection
	GlobalSection(SolutionProperties) = preSolution
		HideSolutionNode = FALSE
	EndGlobalSection
	GlobalSection(ExtensibilityGlobals) = postSolution
		SolutionGuid = {E33D20D5-4E20-474D-A050-2CACA02A7E5A}
	EndGlobalSection
EndGlobal
